<?xml version="1.0" encoding="utf-8"?>
<Project ToolsVersion="4.0" xmlns="http://schemas.microsoft.com/developer/msbuild/2003">
  <ItemGroup>
    <Filter Include="Cockroach">
      <UniqueIdentifier>{B256E4A5-1EC1-981C-67FF-49C2D3A87671}</UniqueIdentifier>
    </Filter>
    <Filter Include="Cockroach\Events">
      <UniqueIdentifier>{564623CC-423F-421E-6B71-27A357C9212A}</UniqueIdentifier>
    </Filter>
    <Filter Include="Cockroach\ImGui">
      <UniqueIdentifier>{5C89538A-C814-C14E-D125-44433D301D4F}</UniqueIdentifier>
    </Filter>
    <Filter Include="Platform">
      <UniqueIdentifier>{2AC788B4-1694-E3BF-3FAD-D1672BD9184E}</UniqueIdentifier>
    </Filter>
    <Filter Include="Platform\OpenGL">
      <UniqueIdentifier>{1E7D2C1D-8A08-9AE1-9319-1DD6FF23F6E1}</UniqueIdentifier>
    </Filter>
    <Filter Include="Platform\Windows">
      <UniqueIdentifier>{64FBD71A-50F4-F66C-7926-DCF1657ED678}</UniqueIdentifier>
    </Filter>
  </ItemGroup>
  <ItemGroup>
    <ClInclude Include="src\Cockroach.h" />
    <ClInclude Include="src\Cockroach\Application.h">
      <Filter>Cockroach</Filter>
    </ClInclude>
    <ClInclude Include="src\Cockroach\Core.h">
      <Filter>Cockroach</Filter>
    </ClInclude>
    <ClInclude Include="src\Cockroach\EntryPoint.h">
      <Filter>Cockroach</Filter>
    </ClInclude>
    <ClInclude Include="src\Cockroach\Events\ApplicationEvent.h">
      <Filter>Cockroach\Events</Filter>
    </ClInclude>
    <ClInclude Include="src\Cockroach\Events\Event.h">
      <Filter>Cockroach\Events</Filter>
    </ClInclude>
    <ClInclude Include="src\Cockroach\Events\KeyEvent.h">
      <Filter>Cockroach\Events</Filter>
    </ClInclude>
    <ClInclude Include="src\Cockroach\Events\MouseEvent.h">
      <Filter>Cockroach\Events</Filter>
    </ClInclude>
    <ClInclude Include="src\Cockroach\ImGui\ImGuiLayer.h">
      <Filter>Cockroach\ImGui</Filter>
    </ClInclude>
    <ClInclude Include="src\Cockroach\Input.h">
      <Filter>Cockroach</Filter>
    </ClInclude>
    <ClInclude Include="src\Cockroach\KeyCodes.h">
      <Filter>Cockroach</Filter>
    </ClInclude>
    <ClInclude Include="src\Cockroach\Layer.h">
      <Filter>Cockroach</Filter>
    </ClInclude>
    <ClInclude Include="src\Cockroach\LayerStack.h">
      <Filter>Cockroach</Filter>
    </ClInclude>
    <ClInclude Include="src\Cockroach\Log.h">
      <Filter>Cockroach</Filter>
    </ClInclude>
    <ClInclude Include="src\Cockroach\MouseButtonCodes.h">
      <Filter>Cockroach</Filter>
    </ClInclude>
    <ClInclude Include="src\Cockroach\Window.h">
      <Filter>Cockroach</Filter>
    </ClInclude>
    <ClInclude Include="src\Platform\Windows\WindowsInput.h">
      <Filter>Platform\Windows</Filter>
    </ClInclude>
    <ClInclude Include="src\Platform\Windows\WindowsWindow.h">
      <Filter>Platform\Windows</Filter>
    </ClInclude>
    <ClInclude Include="src\crpch.h" />
  </ItemGroup>
  <ItemGroup>
    <ClCompile Include="src\Cockroach\Application.cpp">
      <Filter>Cockroach</Filter>
    </ClCompile>
    <ClCompile Include="src\Cockroach\ImGui\ImGuiLayer.cpp">
      <Filter>Cockroach\ImGui</Filter>
    </ClCompile>
    <ClCompile Include="src\Cockroach\Layer.cpp">
      <Filter>Cockroach</Filter>
    </ClCompile>
    <ClCompile Include="src\Cockroach\LayerStack.cpp">
      <Filter>Cockroach</Filter>
    </ClCompile>
    <ClCompile Include="src\Cockroach\Log.cpp">
      <Filter>Cockroach</Filter>
    </ClCompile>
    <ClCompile Include="src\Platform\Windows\WindowsInput.cpp">
      <Filter>Platform\Windows</Filter>
    </ClCompile>
    <ClCompile Include="src\Platform\Windows\WindowsWindow.cpp">
      <Filter>Platform\Windows</Filter>
    </ClCompile>
    <ClCompile Include="src\crpch.cpp" />
    <ClCompile Include="src\Cockroach\ImGui\ImGuiBuild.cpp" />
  </ItemGroup>
</Project>