<?xml version="1.0" encoding="utf-8"?>
<Project ToolsVersion="4.0" xmlns="http://schemas.microsoft.com/developer/msbuild/2003">
  <ItemGroup>
    <Filter Include="Entities">
      <UniqueIdentifier>{8AA33B53-7670-965E-9F89-84068BB5CBEC}</UniqueIdentifier>
    </Filter>
  </ItemGroup>
  <ItemGroup>
    <ClInclude Include="src\EntityDef.h" />
    <ClInclude Include="src\EditorCursor.h" />
    <ClInclude Include="src\Entities.h" />
    <ClInclude Include="src\Entities\Player.h">
      <Filter>Entities</Filter>
    </ClInclude>
    <ClInclude Include="src\Game.h" />
    <ClInclude Include="src\State.h" />
  </ItemGroup>
  <ItemGroup>
    <ClCompile Include="src\EntityDef.cpp" />
    <ClCompile Include="src\EditorCursor.cpp" />
    <ClCompile Include="src\Entities.cpp" />
    <ClCompile Include="src\Entities\Player.cpp">
      <Filter>Entities</Filter>
    </ClCompile>
    <ClCompile Include="src\Game.cpp" />
    <ClCompile Include="src\State.cpp" />
  </ItemGroup>
</Project>